
Microsoft Visual Studio Solution File, Format Version 12.00
# Visual Studio Version 17
VisualStudioVersion = 17.2.32630.192
MinimumVisualStudioVersion = 10.0.40219.1
Project("{FAE04EC0-301F-11D3-BF4B-00C04F79EFBC}") = "Exercise_Solution", "Exercise_a\Exercise_Solution.csproj", "{9FC733E6-93C8-44A2-8EFD-D4E530B05D3C}"
EndProject
Project("{FAE04EC0-301F-11D3-BF4B-00C04F79EFBC}") = "ExerciseTester", "ExerciseTester\ExerciseTester.csproj", "{09903E4F-7CE9-4316-891E-E5ABFABFAC15}"
EndProject
Project("{FAE04EC0-301F-11D3-BF4B-00C04F79EFBC}") = "Exercise", "Exercise\Exercise.csproj", "{AFB0F514-9BED-45A0-B2AF-487D53263379}"
EndProject
Global
	GlobalSection(SolutionConfigurationPlatforms) = preSolution
		Debug|Any CPU = Debug|Any CPU
		Release|Any CPU = Release|Any CPU
	EndGlobalSection
	GlobalSection(ProjectConfigurationPlatforms) = postSolution
		{9FC733E6-93C8-44A2-8EFD-D4E530B05D3C}.Debug|Any CPU.ActiveCfg = Debug|Any CPU
		{9FC733E6-93C8-44A2-8EFD-D4E530B05D3C}.Debug|Any CPU.Build.0 = Debug|Any CPU
		{9FC733E6-93C8-44A2-8EFD-D4E530B05D3C}.Release|Any CPU.ActiveCfg = Release|Any CPU
		{9FC733E6-93C8-44A2-8EFD-D4E530B05D3C}.Release|Any CPU.Build.0 = Release|Any CPU
		{09903E4F-7CE9-4316-891E-E5ABFABFAC15}.Debug|Any CPU.ActiveCfg = Debug|Any CPU
		{09903E4F-7CE9-4316-891E-E5ABFABFAC15}.Debug|Any CPU.Build.0 = Debug|Any CPU
		{09903E4F-7CE9-4316-891E-E5ABFABFAC15}.Release|Any CPU.ActiveCfg = Release|Any CPU
		{09903E4F-7CE9-4316-891E-E5ABFABFAC15}.Release|Any CPU.Build.0 = Release|Any CPU
		{AFB0F514-9BED-45A0-B2AF-487D53263379}.Debug|Any CPU.ActiveCfg = Debug|Any CPU
		{AFB0F514-9BED-45A0-B2AF-487D53263379}.Debug|Any CPU.Build.0 = Debug|Any CPU
		{AFB0F514-9BED-45A0-B2AF-487D53263379}.Release|Any CPU.ActiveCfg = Release|Any CPU
		{AFB0F514-9BED-45A0-B2AF-487D53263379}.Release|Any CPU.Build.0 = Release|Any CPU
	EndGlobalSection
	GlobalSection(SolutionProperties) = preSolution
		HideSolutionNode = FALSE
	EndGlobalSection
	GlobalSection(ExtensibilityGlobals) = postSolution
		SolutionGuid = {90E64AA8-E311-4A0D-A640-8CD1E80B7AF4}
	EndGlobalSection
EndGlobal
